
Microsoft Visual Studio Solution File, Format Version 12.00
# Visual Studio Version 17
VisualStudioVersion = 17.4.33110.190
MinimumVisualStudioVersion = 10.0.40219.1
Project("{FAE04EC0-301F-11D3-BF4B-00C04F79EFBC}") = "ParentChildrenApp", "ParentChildrenApp\ParentChildrenApp.csproj", "{2FE5488D-01C8-4B22-BD75-E0B9F6BDF1A4}"
EndProject
Global
	GlobalSection(SolutionConfigurationPlatforms) = preSolution
		Debug|Any CPU = Debug|Any CPU
		Release|Any CPU = Release|Any CPU
	EndGlobalSection
	GlobalSection(ProjectConfigurationPlatforms) = postSolution
		{2FE5488D-01C8-4B22-BD75-E0B9F6BDF1A4}.Debug|Any CPU.ActiveCfg = Debug|Any CPU
		{2FE5488D-01C8-4B22-BD75-E0B9F6BDF1A4}.Debug|Any CPU.Build.0 = Debug|Any CPU
		{2FE5488D-01C8-4B22-BD75-E0B9F6BDF1A4}.Release|Any CPU.ActiveCfg = Release|Any CPU
		{2FE5488D-01C8-4B22-BD75-E0B9F6BDF1A4}.Release|Any CPU.Build.0 = Release|Any CPU
	EndGlobalSection
	GlobalSection(SolutionProperties) = preSolution
		HideSolutionNode = FALSE
	EndGlobalSection
	GlobalSection(ExtensibilityGlobals) = postSolution
		SolutionGuid = {EB3D7E39-508A-4D34-8022-A2A23E2BB5F1}
	EndGlobalSection
EndGlobal
